
Microsoft Visual Studio Solution File, Format Version 12.00
# Visual Studio Version 17
VisualStudioVersion = 17.9.34728.123
MinimumVisualStudioVersion = 10.0.40219.1
Project("{FAE04EC0-301F-11D3-BF4B-00C04F79EFBC}") = "PROYECTOTVV", "PROYECTOTVV\PROYECTOTVV.csproj", "{A199FF0E-7BC0-4B49-82B7-A95379753F01}"
EndProject
Project("{FAE04EC0-301F-11D3-BF4B-00C04F79EFBC}") = "ENTIDADES", "ENTIDADES\ENTIDADES.csproj", "{57DA391E-B62A-4BFA-9500-EDB3F9BEA1E3}"
EndProject
Project("{FAE04EC0-301F-11D3-BF4B-00C04F79EFBC}") = "Datos", "Datos\Datos.csproj", "{81FD7343-92D4-48D8-8AA7-D6F1172CED6C}"
EndProject
Global
	GlobalSection(SolutionConfigurationPlatforms) = preSolution
		Debug|Any CPU = Debug|Any CPU
		Release|Any CPU = Release|Any CPU
	EndGlobalSection
	GlobalSection(ProjectConfigurationPlatforms) = postSolution
		{A199FF0E-7BC0-4B49-82B7-A95379753F01}.Debug|Any CPU.ActiveCfg = Debug|Any CPU
		{A199FF0E-7BC0-4B49-82B7-A95379753F01}.Debug|Any CPU.Build.0 = Debug|Any CPU
		{A199FF0E-7BC0-4B49-82B7-A95379753F01}.Release|Any CPU.ActiveCfg = Release|Any CPU
		{A199FF0E-7BC0-4B49-82B7-A95379753F01}.Release|Any CPU.Build.0 = Release|Any CPU
		{57DA391E-B62A-4BFA-9500-EDB3F9BEA1E3}.Debug|Any CPU.ActiveCfg = Debug|Any CPU
		{57DA391E-B62A-4BFA-9500-EDB3F9BEA1E3}.Debug|Any CPU.Build.0 = Debug|Any CPU
		{57DA391E-B62A-4BFA-9500-EDB3F9BEA1E3}.Release|Any CPU.ActiveCfg = Release|Any CPU
		{57DA391E-B62A-4BFA-9500-EDB3F9BEA1E3}.Release|Any CPU.Build.0 = Release|Any CPU
		{81FD7343-92D4-48D8-8AA7-D6F1172CED6C}.Debug|Any CPU.ActiveCfg = Debug|Any CPU
		{81FD7343-92D4-48D8-8AA7-D6F1172CED6C}.Debug|Any CPU.Build.0 = Debug|Any CPU
		{81FD7343-92D4-48D8-8AA7-D6F1172CED6C}.Release|Any CPU.ActiveCfg = Release|Any CPU
		{81FD7343-92D4-48D8-8AA7-D6F1172CED6C}.Release|Any CPU.Build.0 = Release|Any CPU
	EndGlobalSection
	GlobalSection(SolutionProperties) = preSolution
		HideSolutionNode = FALSE
	EndGlobalSection
	GlobalSection(ExtensibilityGlobals) = postSolution
		SolutionGuid = {6CD5B840-0DE4-47C6-9280-29D6D18CDBE8}
	EndGlobalSection
EndGlobal
